# This file is automatically @generated by Poetry 1.6.1 and should not be changed by hand.

[[package]]
name = "cached-property"
version = "1.5.2"
description = "A decorator for caching properties in classes."
optional = false
python-versions = "*"
files = [
    {file = "cached-property-1.5.2.tar.gz", hash = "sha256:9fa5755838eecbb2d234c3aa390bd80fbd3ac6b6869109bfc1b499f7bd89a130"},
    {file = "cached_property-1.5.2-py2.py3-none-any.whl", hash = "sha256:df4f613cf7ad9a588cc381aaf4a512d26265ecebd5eb9e1ba12f1319eb85a6a0"},
]

[[package]]
name = "chevron"
version = "0.14.0"
description = "Mustache templating language renderer"
optional = false
python-versions = "*"
files = [
    {file = "chevron-0.14.0-py3-none-any.whl", hash = "sha256:fbf996a709f8da2e745ef763f482ce2d311aa817d287593a5b990d6d6e4f0443"},
    {file = "chevron-0.14.0.tar.gz", hash = "sha256:87613aafdf6d77b6a90ff073165a61ae5086e21ad49057aa0e53681601800ebf"},
]

[[package]]
name = "frozendict"
version = "2.3.10"
description = "A simple immutable dictionary"
optional = false
python-versions = ">=3.6"
files = [
    {file = "frozendict-2.3.10-cp310-cp310-macosx_10_9_x86_64.whl", hash = "sha256:df2d2afa5af41bfa09dc9d5a8e6d73ae39b677a8572200c65a5ea353387ffccd"},
    {file = "frozendict-2.3.10-cp310-cp310-macosx_11_0_arm64.whl", hash = "sha256:b10df7f5d8637b1af319434f99dc25ca6f5537e28b293e4c405ebfb4bf9581fa"},
    {file = "frozendict-2.3.10-cp310-cp310-manylinux_2_17_aarch64.manylinux2014_aarch64.whl", hash = "sha256:da22a3e873f365f97445c49afc1e6d5198ed6d172f3efaf0e9fde0edcca3cea1"},
    {file = "frozendict-2.3.10-cp310-cp310-manylinux_2_17_x86_64.manylinux2014_x86_64.whl", hash = "sha256:89218738e2122b50bf8a0444083dbe2de280402e9c2ef0929c0db0f93ff11271"},
    {file = "frozendict-2.3.10-cp310-cp310-musllinux_1_1_aarch64.whl", hash = "sha256:aa11add43a71fd47523fbd011be5cc011df79e25ec0b0339fc0d728623aaa7ec"},
    {file = "frozendict-2.3.10-cp310-cp310-musllinux_1_1_x86_64.whl", hash = "sha256:af267bd6d98cbc10580105dc76f28f7156856fa48a5bbcadd40edb85f93657ae"},
    {file = "frozendict-2.3.10-cp310-cp310-win_amd64.whl", hash = "sha256:c112024df64b8926a315d7e36b860967fcad8aae0c592b9f117589391373e893"},
    {file = "frozendict-2.3.10-cp310-cp310-win_arm64.whl", hash = "sha256:a0065db2bc76628853dd620bd08c1ca44ad0b711e92e89b4156493153add6f9d"},
    {file = "frozendict-2.3.10-cp36-cp36m-macosx_10_9_x86_64.whl", hash = "sha256:93634af5a6d71762aebc7d78bdce92890b7e612588faf887c9eaf752dc7ccdb1"},
    {file = "frozendict-2.3.10-cp36-cp36m-manylinux_2_17_aarch64.manylinux2014_aarch64.whl", hash = "sha256:7b4d05e231dc1a2ec874f847fd7348cbee469555468efb875a89994ecde31a81"},
    {file = "frozendict-2.3.10-cp36-cp36m-manylinux_2_17_x86_64.manylinux2014_x86_64.whl", hash = "sha256:6d40d0644f19365fc6cc428db31c0f113fa550bd15920262f9d77ccf6556d87b"},
    {file = "frozendict-2.3.10-cp36-cp36m-musllinux_1_1_aarch64.whl", hash = "sha256:12b40526219f9583b30690011288bca4d6cce8724cda96b3c3ab08b67c5a7f09"},
    {file = "frozendict-2.3.10-cp36-cp36m-musllinux_1_1_x86_64.whl", hash = "sha256:6b552fffeba8e41b43ce10cc0fc467e048a7c9a71ae3241057510342132555b9"},
    {file = "frozendict-2.3.10-cp36-cp36m-win_amd64.whl", hash = "sha256:07208e4718cb70aa259ac886c19b96a4aad1cf00e9199f211746f738951bbf7c"},
    {file = "frozendict-2.3.10-cp37-cp37m-macosx_10_9_x86_64.whl", hash = "sha256:e8bec6d11f7254e405290cb1b081caffa0c18b6aa779130da9a546349c56be83"},
    {file = "frozendict-2.3.10-cp37-cp37m-manylinux_2_17_aarch64.manylinux2014_aarch64.whl", hash = "sha256:b089c7e8c95d8b043e82e7da26e165f4220d7310efaad5e94445db7e3bc8321e"},
    {file = "frozendict-2.3.10-cp37-cp37m-manylinux_2_17_x86_64.manylinux2014_x86_64.whl", hash = "sha256:08a5829d708657c9d5ad58f4a7e4baa73a3d57290f9613bdd909d481fc203a3a"},
    {file = "frozendict-2.3.10-cp37-cp37m-musllinux_1_1_aarch64.whl", hash = "sha256:1c015852dacf144dbeadf203673d8c714f788fcc2b810a36504994b3c4f5a436"},
    {file = "frozendict-2.3.10-cp37-cp37m-musllinux_1_1_x86_64.whl", hash = "sha256:bb9f15a5ed924be2b1cb3654b7ea3b7bae265ff39e2b5784d42bd4a6e1353e45"},
    {file = "frozendict-2.3.10-cp37-cp37m-win_amd64.whl", hash = "sha256:809bb9c6c657bded925710a309bb2a2350bdbfdc9371df427f1a93cb8ab7ec3e"},
    {file = "frozendict-2.3.10-cp38-cp38-macosx_10_9_x86_64.whl", hash = "sha256:ff7a9cca3a3a1e584349e859d028388bd96a5475f76721471b73797472c6db17"},
    {file = "frozendict-2.3.10-cp38-cp38-macosx_11_0_arm64.whl", hash = "sha256:0cdd496933ddb428f3854bea9ffdce0245bb27c27909f663ad396409fb4dffb5"},
    {file = "frozendict-2.3.10-cp38-cp38-manylinux_2_17_aarch64.manylinux2014_aarch64.whl", hash = "sha256:9df392b655fadaa0174c1923e6205b30ad1ccca248e8e146e63a8147a355ee01"},
    {file = "frozendict-2.3.10-cp38-cp38-manylinux_2_17_x86_64.manylinux2014_x86_64.whl", hash = "sha256:7901828700f36fe12486705afe7afc5583434390c8f69b5419de1b6c566fb00d"},
    {file = "frozendict-2.3.10-cp38-cp38-musllinux_1_1_aarch64.whl", hash = "sha256:c9aa28ce48d848ee520409533fd0254de4caf025c5cf1b9f27c98c1dd8cf90aa"},
    {file = "frozendict-2.3.10-cp38-cp38-musllinux_1_1_x86_64.whl", hash = "sha256:0856af4f5b4288b2270e0b74078fad5cbaf4f799326b82183865f6f367008b2c"},
    {file = "frozendict-2.3.10-cp38-cp38-win_amd64.whl", hash = "sha256:ac41c671ff33cbefc0f06c4b2a630d18ab59f5256f45f57d5632252ae4a8c07a"},
    {file = "frozendict-2.3.10-cp39-cp39-macosx_10_9_x86_64.whl", hash = "sha256:893205dc5a4e5c4b24e5822ceb21ef14fed8ca4afae7ac688e2fc24294c85225"},
    {file = "frozendict-2.3.10-cp39-cp39-macosx_11_0_arm64.whl", hash = "sha256:e78c5ac5d71f3b73f07ff9d9e3cc32dfbf7954f2c57c2d0e1fe8f1600e980b40"},
    {file = "frozendict-2.3.10-cp39-cp39-manylinux_2_17_aarch64.manylinux2014_aarch64.whl", hash = "sha256:8c4ca4cc42bc30b20476616411d4b49aae6084760b99251f1cbdfed879ae53ea"},
    {file = "frozendict-2.3.10-cp39-cp39-manylinux_2_17_x86_64.manylinux2014_x86_64.whl", hash = "sha256:c865962216f7cfd6dac8693f4de431a9d98a7225185ff23613ecd10c42423adc"},
    {file = "frozendict-2.3.10-cp39-cp39-musllinux_1_1_aarch64.whl", hash = "sha256:99b2f47b292cc4d68f6679918e8e9e6dc5e816924d8369d07018be56b93fb20f"},
    {file = "frozendict-2.3.10-cp39-cp39-musllinux_1_1_x86_64.whl", hash = "sha256:8e7abf4539b73c8e5680dd2fdbd19ca4fc3e2b2f3666f80f022217839bb859fd"},
    {file = "frozendict-2.3.10-cp39-cp39-win_amd64.whl", hash = "sha256:901e774629fc63f84d24b5e46b59de1eed22392ee98b7f92e694a127d541edac"},
    {file = "frozendict-2.3.10-cp39-cp39-win_arm64.whl", hash = "sha256:6f8681c0ffe92be9aba40c9b9960c48f0ae7f6ea585af2b93fc9542cc3865969"},
    {file = "frozendict-2.3.10-py3-none-any.whl", hash = "sha256:66cded65f144393b4226bda9fe9ac2f42451d2d603e8a486015744bb566a7008"},
    {file = "frozendict-2.3.10.tar.gz", hash = "sha256:aadc83510ce82751a0bb3575231f778bc37cbb373f5f05a52b888e26cbb92f79"},
]

[[package]]
name = "genanki"
version = "0.13.1"
description = "Generate Anki decks programmatically"
optional = false
python-versions = ">=3.6"
files = [
    {file = "genanki-0.13.1-py3-none-any.whl", hash = "sha256:65b59434008588a1213b940474d1aca8cca83243af6fc0e26200b560efe4d9e3"},
    {file = "genanki-0.13.1.tar.gz", hash = "sha256:84d090423a8879520465bfe9784083edacb8d35e2ba511fa5a1bdef01d8f71ed"},
]

[package.dependencies]
cached-property = "*"
chevron = "*"
frozendict = "*"
pyyaml = "*"

[[package]]
name = "markdown2"
version = "2.4.11"
description = "A fast and complete Python implementation of Markdown"
optional = false
python-versions = ">=3.5, <4"
files = [
    {file = "markdown2-2.4.11-py2.py3-none-any.whl", hash = "sha256:2fff5d8e9283218797c5db0e9caad14c4307839919297c5be6ae507d4eeaddbc"},
    {file = "markdown2-2.4.11.tar.gz", hash = "sha256:c04841d0f9df37457396b9d73c54846ddb097a73e7eb7c81d1589e0bba566cda"},
]

[package.extras]
all = ["pygments (>=2.7.3)", "wavedrom"]
code-syntax-highlighting = ["pygments (>=2.7.3)"]
wavedrom = ["wavedrom"]

[[package]]
name = "pyyaml"
version = "6.0.1"
description = "YAML parser and emitter for Python"
optional = false
python-versions = ">=3.6"
files = [
    {file = "PyYAML-6.0.1-cp310-cp310-macosx_10_9_x86_64.whl", hash = "sha256:d858aa552c999bc8a8d57426ed01e40bef403cd8ccdd0fc5f6f04a00414cac2a"},
    {file = "PyYAML-6.0.1-cp310-cp310-macosx_11_0_arm64.whl", hash = "sha256:fd66fc5d0da6d9815ba2cebeb4205f95818ff4b79c3ebe268e75d961704af52f"},
    {file = "PyYAML-6.0.1-cp310-cp310-manylinux_2_17_aarch64.manylinux2014_aarch64.whl", hash = "sha256:69b023b2b4daa7548bcfbd4aa3da05b3a74b772db9e23b982788168117739938"},
    {file = "PyYAML-6.0.1-cp310-cp310-manylinux_2_17_s390x.manylinux2014_s390x.whl", hash = "sha256:81e0b275a9ecc9c0c0c07b4b90ba548307583c125f54d5b6946cfee6360c733d"},
    {file = "PyYAML-6.0.1-cp310-cp310-manylinux_2_17_x86_64.manylinux2014_x86_64.whl", hash = "sha256:ba336e390cd8e4d1739f42dfe9bb83a3cc2e80f567d8805e11b46f4a943f5515"},
    {file = "PyYAML-6.0.1-cp310-cp310-musllinux_1_1_x86_64.whl", hash = "sha256:326c013efe8048858a6d312ddd31d56e468118ad4cdeda36c719bf5bb6192290"},
    {file = "PyYAML-6.0.1-cp310-cp310-win32.whl", hash = "sha256:bd4af7373a854424dabd882decdc5579653d7868b8fb26dc7d0e99f823aa5924"},
    {file = "PyYAML-6.0.1-cp310-cp310-win_amd64.whl", hash = "sha256:fd1592b3fdf65fff2ad0004b5e363300ef59ced41c2e6b3a99d4089fa8c5435d"},
    {file = "PyYAML-6.0.1-cp311-cp311-macosx_10_9_x86_64.whl", hash = "sha256:6965a7bc3cf88e5a1c3bd2e0b5c22f8d677dc88a455344035f03399034eb3007"},
    {file = "PyYAML-6.0.1-cp311-cp311-macosx_11_0_arm64.whl", hash = "sha256:f003ed9ad21d6a4713f0a9b5a7a0a79e08dd0f221aff4525a2be4c346ee60aab"},
    {file = "PyYAML-6.0.1-cp311-cp311-manylinux_2_17_aarch64.manylinux2014_aarch64.whl", hash = "sha256:42f8152b8dbc4fe7d96729ec2b99c7097d656dc1213a3229ca5383f973a5ed6d"},
    {file = "PyYAML-6.0.1-cp311-cp311-manylinux_2_17_s390x.manylinux2014_s390x.whl", hash = "sha256:062582fca9fabdd2c8b54a3ef1c978d786e0f6b3a1510e0ac93ef59e0ddae2bc"},
    {file = "PyYAML-6.0.1-cp311-cp311-manylinux_2_17_x86_64.manylinux2014_x86_64.whl", hash = "sha256:d2b04aac4d386b172d5b9692e2d2da8de7bfb6c387fa4f801fbf6fb2e6ba4673"},
    {file = "PyYAML-6.0.1-cp311-cp311-musllinux_1_1_x86_64.whl", hash = "sha256:e7d73685e87afe9f3b36c799222440d6cf362062f78be1013661b00c5c6f678b"},
    {file = "PyYAML-6.0.1-cp311-cp311-win32.whl", hash = "sha256:1635fd110e8d85d55237ab316b5b011de701ea0f29d07611174a1b42f1444741"},
    {file = "PyYAML-6.0.1-cp311-cp311-win_amd64.whl", hash = "sha256:bf07ee2fef7014951eeb99f56f39c9bb4af143d8aa3c21b1677805985307da34"},
    {file = "PyYAML-6.0.1-cp312-cp312-macosx_10_9_x86_64.whl", hash = "sha256:855fb52b0dc35af121542a76b9a84f8d1cd886ea97c84703eaa6d88e37a2ad28"},
    {file = "PyYAML-6.0.1-cp312-cp312-macosx_11_0_arm64.whl", hash = "sha256:40df9b996c2b73138957fe23a16a4f0ba614f4c0efce1e9406a184b6d07fa3a9"},
    {file = "PyYAML-6.0.1-cp312-cp312-manylinux_2_17_x86_64.manylinux2014_x86_64.whl", hash = "sha256:6c22bec3fbe2524cde73d7ada88f6566758a8f7227bfbf93a408a9d86bcc12a0"},
    {file = "PyYAML-6.0.1-cp312-cp312-musllinux_1_1_x86_64.whl", hash = "sha256:8d4e9c88387b0f5c7d5f281e55304de64cf7f9c0021a3525bd3b1c542da3b0e4"},
    {file = "PyYAML-6.0.1-cp312-cp312-win32.whl", hash = "sha256:d483d2cdf104e7c9fa60c544d92981f12ad66a457afae824d146093b8c294c54"},
    {file = "PyYAML-6.0.1-cp312-cp312-win_amd64.whl", hash = "sha256:0d3304d8c0adc42be59c5f8a4d9e3d7379e6955ad754aa9d6ab7a398b59dd1df"},
    {file = "PyYAML-6.0.1-cp36-cp36m-macosx_10_9_x86_64.whl", hash = "sha256:50550eb667afee136e9a77d6dc71ae76a44df8b3e51e41b77f6de2932bfe0f47"},
    {file = "PyYAML-6.0.1-cp36-cp36m-manylinux_2_17_aarch64.manylinux2014_aarch64.whl", hash = "sha256:1fe35611261b29bd1de0070f0b2f47cb6ff71fa6595c077e42bd0c419fa27b98"},
    {file = "PyYAML-6.0.1-cp36-cp36m-manylinux_2_17_s390x.manylinux2014_s390x.whl", hash = "sha256:704219a11b772aea0d8ecd7058d0082713c3562b4e271b849ad7dc4a5c90c13c"},
    {file = "PyYAML-6.0.1-cp36-cp36m-manylinux_2_17_x86_64.manylinux2014_x86_64.whl", hash = "sha256:afd7e57eddb1a54f0f1a974bc4391af8bcce0b444685d936840f125cf046d5bd"},
    {file = "PyYAML-6.0.1-cp36-cp36m-win32.whl", hash = "sha256:fca0e3a251908a499833aa292323f32437106001d436eca0e6e7833256674585"},
    {file = "PyYAML-6.0.1-cp36-cp36m-win_amd64.whl", hash = "sha256:f22ac1c3cac4dbc50079e965eba2c1058622631e526bd9afd45fedd49ba781fa"},
    {file = "PyYAML-6.0.1-cp37-cp37m-macosx_10_9_x86_64.whl", hash = "sha256:b1275ad35a5d18c62a7220633c913e1b42d44b46ee12554e5fd39c70a243d6a3"},
    {file = "PyYAML-6.0.1-cp37-cp37m-manylinux_2_17_aarch64.manylinux2014_aarch64.whl", hash = "sha256:18aeb1bf9a78867dc38b259769503436b7c72f7a1f1f4c93ff9a17de54319b27"},
    {file = "PyYAML-6.0.1-cp37-cp37m-manylinux_2_17_s390x.manylinux2014_s390x.whl", hash = "sha256:596106435fa6ad000c2991a98fa58eeb8656ef2325d7e158344fb33864ed87e3"},
    {file = "PyYAML-6.0.1-cp37-cp37m-manylinux_2_17_x86_64.manylinux2014_x86_64.whl", hash = "sha256:baa90d3f661d43131ca170712d903e6295d1f7a0f595074f151c0aed377c9b9c"},
    {file = "PyYAML-6.0.1-cp37-cp37m-win32.whl", hash = "sha256:9046c58c4395dff28dd494285c82ba00b546adfc7ef001486fbf0324bc174fba"},
    {file = "PyYAML-6.0.1-cp37-cp37m-win_amd64.whl", hash = "sha256:4fb147e7a67ef577a588a0e2c17b6db51dda102c71de36f8549b6816a96e1867"},
    {file = "PyYAML-6.0.1-cp38-cp38-macosx_10_9_x86_64.whl", hash = "sha256:1d4c7e777c441b20e32f52bd377e0c409713e8bb1386e1099c2415f26e479595"},
    {file = "PyYAML-6.0.1-cp38-cp38-manylinux_2_17_aarch64.manylinux2014_aarch64.whl", hash = "sha256:a0cd17c15d3bb3fa06978b4e8958dcdc6e0174ccea823003a106c7d4d7899ac5"},
    {file = "PyYAML-6.0.1-cp38-cp38-manylinux_2_17_s390x.manylinux2014_s390x.whl", hash = "sha256:28c119d996beec18c05208a8bd78cbe4007878c6dd15091efb73a30e90539696"},
    {file = "PyYAML-6.0.1-cp38-cp38-manylinux_2_17_x86_64.manylinux2014_x86_64.whl", hash = "sha256:7e07cbde391ba96ab58e532ff4803f79c4129397514e1413a7dc761ccd755735"},
    {file = "PyYAML-6.0.1-cp38-cp38-musllinux_1_1_x86_64.whl", hash = "sha256:49a183be227561de579b4a36efbb21b3eab9651dd81b1858589f796549873dd6"},
    {file = "PyYAML-6.0.1-cp38-cp38-win32.whl", hash = "sha256:184c5108a2aca3c5b3d3bf9395d50893a7ab82a38004c8f61c258d4428e80206"},
    {file = "PyYAML-6.0.1-cp38-cp38-win_amd64.whl", hash = "sha256:1e2722cc9fbb45d9b87631ac70924c11d3a401b2d7f410cc0e3bbf249f2dca62"},
    {file = "PyYAML-6.0.1-cp39-cp39-macosx_10_9_x86_64.whl", hash = "sha256:9eb6caa9a297fc2c2fb8862bc5370d0303ddba53ba97e71f08023b6cd73d16a8"},
    {file = "PyYAML-6.0.1-cp39-cp39-macosx_11_0_arm64.whl", hash = "sha256:c8098ddcc2a85b61647b2590f825f3db38891662cfc2fc776415143f599bb859"},
    {file = "PyYAML-6.0.1-cp39-cp39-manylinux_2_17_aarch64.manylinux2014_aarch64.whl", hash = "sha256:5773183b6446b2c99bb77e77595dd486303b4faab2b086e7b17bc6bef28865f6"},
    {file = "PyYAML-6.0.1-cp39-cp39-manylinux_2_17_s390x.manylinux2014_s390x.whl", hash = "sha256:b786eecbdf8499b9ca1d697215862083bd6d2a99965554781d0d8d1ad31e13a0"},
    {file = "PyYAML-6.0.1-cp39-cp39-manylinux_2_17_x86_64.manylinux2014_x86_64.whl", hash = "sha256:bc1bf2925a1ecd43da378f4db9e4f799775d6367bdb94671027b73b393a7c42c"},
    {file = "PyYAML-6.0.1-cp39-cp39-musllinux_1_1_x86_64.whl", hash = "sha256:04ac92ad1925b2cff1db0cfebffb6ffc43457495c9b3c39d3fcae417d7125dc5"},
    {file = "PyYAML-6.0.1-cp39-cp39-win32.whl", hash = "sha256:faca3bdcf85b2fc05d06ff3fbc1f83e1391b3e724afa3feba7d13eeab355484c"},
    {file = "PyYAML-6.0.1-cp39-cp39-win_amd64.whl", hash = "sha256:510c9deebc5c0225e8c96813043e62b680ba2f9c50a08d3724c7f28a747d1486"},
    {file = "PyYAML-6.0.1.tar.gz", hash = "sha256:bfdf460b1736c775f2ba9f6a92bca30bc2095067b8a9d77876d1fad6cc3b4a43"},
]

[metadata]
lock-version = "2.0"
python-versions = ">=3.11,<3.12"
content-hash = "3f4210a9d0c06c05cce21459c95f3cb07857e2a60a78711473e695eb47e959fd"
